{
  "name": "fischertechnik",
  "version": "1.0.0",
  "lockfileVersion": 1,
  "requires": true,
  "dependencies": {
    "elementary-rotations": {
      "version": "git+https://github.com/PeterTadich/elementary-rotations.git#85a4806572a9e1d3eb001cb3efd1edfd062e2273",
      "requires": {
        "matlab-javascript": "git+https://github.com/PeterTadich/matlab-javascript.git#557b70e66c10075e4ef622e8b5aedde3204ebc7e",
        "matrix-computations": "git+https://github.com/PeterTadich/matrix-computations.git#bd05c041e0d71bb7476bf0f1ce028bfc8028fdb5"
      }
    },
    "homogeneous-transformations": {
      "version": "git+https://github.com/PeterTadich/homogeneous-transformations.git#3a5eaa84b5d816bb615fb9c2a04d647d6904e616",
      "requires": {
        "elementary-rotations": "git+https://github.com/PeterTadich/elementary-rotations.git#85a4806572a9e1d3eb001cb3efd1edfd062e2273",
        "matrix-computations": "git+https://github.com/PeterTadich/matrix-computations.git#bd05c041e0d71bb7476bf0f1ce028bfc8028fdb5",
        "quaternions": "git+https://github.com/PeterTadich/quaternions.git#1896a5d027f9177f3c6193ba6cf86aaed0b618ce"
      }
    },
    "matlab-javascript": {
      "version": "git+https://github.com/PeterTadich/matlab-javascript.git#557b70e66c10075e4ef622e8b5aedde3204ebc7e",
      "requires": {
        "matrix-computations": "git+https://github.com/PeterTadich/matrix-computations.git#bd05c041e0d71bb7476bf0f1ce028bfc8028fdb5"
      }
    },
    "matrix-computations": {
      "version": "git+https://github.com/PeterTadich/matrix-computations.git#bd05c041e0d71bb7476bf0f1ce028bfc8028fdb5"
    },
    "quaternions": {
      "version": "git+https://github.com/PeterTadich/quaternions.git#1896a5d027f9177f3c6193ba6cf86aaed0b618ce",
      "requires": {
        "matrix-computations": "git+https://github.com/PeterTadich/matrix-computations.git#bd05c041e0d71bb7476bf0f1ce028bfc8028fdb5"
      }
    },
    "singular-value-decomposition": {
      "version": "git+https://github.com/PeterTadich/singular-value-decomposition.git#d6cad6e30665dfe8e4d6c7e9340a432bf992dfd7",
      "requires": {
        "matrix-computations": "git+https://github.com/PeterTadich/matrix-computations.git#bd05c041e0d71bb7476bf0f1ce028bfc8028fdb5"
      }
    }
  }
}
